
Microsoft Visual Studio Solution File, Format Version 12.00
# Visual Studio Version 16
VisualStudioVersion = 16.0.29009.5
MinimumVisualStudioVersion = 10.0.40219.1
Project("{FAE04EC0-301F-11D3-BF4B-00C04F79EFBC}") = "Boundary", "ScientificCalc\Boundary.csproj", "{85532F17-C020-43F4-8E1F-2EEC203321B4}"
EndProject
Project("{FAE04EC0-301F-11D3-BF4B-00C04F79EFBC}") = "Control", "LoreSoft.MathExpressions\Control.csproj", "{B6813448-FCE2-429C-81B5-9722FEA839B8}"
EndProject
Project("{FAE04EC0-301F-11D3-BF4B-00C04F79EFBC}") = "ControlUnitTesting", "ScientificCalcUnitTesting\ControlUnitTesting.csproj", "{53739894-3491-4560-8F0E-FD8229AE02B8}"
EndProject
Project("{FAE04EC0-301F-11D3-BF4B-00C04F79EFBC}") = "BoundaryUnitTesting", "BoundaryUnitTesting\BoundaryUnitTesting.csproj", "{0DEC8F47-CE80-4101-8C2D-F39A6C1838EB}"
EndProject
Global
	GlobalSection(SolutionConfigurationPlatforms) = preSolution
		Debug|Any CPU = Debug|Any CPU
		Debug|x64 = Debug|x64
		Debug|x86 = Debug|x86
		Release|Any CPU = Release|Any CPU
		Release|x64 = Release|x64
		Release|x86 = Release|x86
	EndGlobalSection
	GlobalSection(ProjectConfigurationPlatforms) = postSolution
		{85532F17-C020-43F4-8E1F-2EEC203321B4}.Debug|Any CPU.ActiveCfg = Release|Any CPU
		{85532F17-C020-43F4-8E1F-2EEC203321B4}.Debug|Any CPU.Build.0 = Release|Any CPU
		{85532F17-C020-43F4-8E1F-2EEC203321B4}.Debug|x64.ActiveCfg = Debug|Any CPU
		{85532F17-C020-43F4-8E1F-2EEC203321B4}.Debug|x64.Build.0 = Debug|Any CPU
		{85532F17-C020-43F4-8E1F-2EEC203321B4}.Debug|x86.ActiveCfg = Debug|Any CPU
		{85532F17-C020-43F4-8E1F-2EEC203321B4}.Debug|x86.Build.0 = Debug|Any CPU
		{85532F17-C020-43F4-8E1F-2EEC203321B4}.Release|Any CPU.ActiveCfg = Release|Any CPU
		{85532F17-C020-43F4-8E1F-2EEC203321B4}.Release|Any CPU.Build.0 = Release|Any CPU
		{85532F17-C020-43F4-8E1F-2EEC203321B4}.Release|x64.ActiveCfg = Release|Any CPU
		{85532F17-C020-43F4-8E1F-2EEC203321B4}.Release|x64.Build.0 = Release|Any CPU
		{85532F17-C020-43F4-8E1F-2EEC203321B4}.Release|x86.ActiveCfg = Release|Any CPU
		{85532F17-C020-43F4-8E1F-2EEC203321B4}.Release|x86.Build.0 = Release|Any CPU
		{B6813448-FCE2-429C-81B5-9722FEA839B8}.Debug|Any CPU.ActiveCfg = Debug|Any CPU
		{B6813448-FCE2-429C-81B5-9722FEA839B8}.Debug|Any CPU.Build.0 = Debug|Any CPU
		{B6813448-FCE2-429C-81B5-9722FEA839B8}.Debug|x64.ActiveCfg = Debug|x64
		{B6813448-FCE2-429C-81B5-9722FEA839B8}.Debug|x64.Build.0 = Debug|x64
		{B6813448-FCE2-429C-81B5-9722FEA839B8}.Debug|x86.ActiveCfg = Debug|x86
		{B6813448-FCE2-429C-81B5-9722FEA839B8}.Debug|x86.Build.0 = Debug|x86
		{B6813448-FCE2-429C-81B5-9722FEA839B8}.Release|Any CPU.ActiveCfg = Release|Any CPU
		{B6813448-FCE2-429C-81B5-9722FEA839B8}.Release|Any CPU.Build.0 = Release|Any CPU
		{B6813448-FCE2-429C-81B5-9722FEA839B8}.Release|x64.ActiveCfg = Release|x64
		{B6813448-FCE2-429C-81B5-9722FEA839B8}.Release|x64.Build.0 = Release|x64
		{B6813448-FCE2-429C-81B5-9722FEA839B8}.Release|x86.ActiveCfg = Release|x86
		{B6813448-FCE2-429C-81B5-9722FEA839B8}.Release|x86.Build.0 = Release|x86
		{53739894-3491-4560-8F0E-FD8229AE02B8}.Debug|Any CPU.ActiveCfg = Debug|Any CPU
		{53739894-3491-4560-8F0E-FD8229AE02B8}.Debug|Any CPU.Build.0 = Debug|Any CPU
		{53739894-3491-4560-8F0E-FD8229AE02B8}.Debug|x64.ActiveCfg = Debug|Any CPU
		{53739894-3491-4560-8F0E-FD8229AE02B8}.Debug|x64.Build.0 = Debug|Any CPU
		{53739894-3491-4560-8F0E-FD8229AE02B8}.Debug|x86.ActiveCfg = Debug|Any CPU
		{53739894-3491-4560-8F0E-FD8229AE02B8}.Debug|x86.Build.0 = Debug|Any CPU
		{53739894-3491-4560-8F0E-FD8229AE02B8}.Release|Any CPU.ActiveCfg = Release|Any CPU
		{53739894-3491-4560-8F0E-FD8229AE02B8}.Release|Any CPU.Build.0 = Release|Any CPU
		{53739894-3491-4560-8F0E-FD8229AE02B8}.Release|x64.ActiveCfg = Release|Any CPU
		{53739894-3491-4560-8F0E-FD8229AE02B8}.Release|x64.Build.0 = Release|Any CPU
		{53739894-3491-4560-8F0E-FD8229AE02B8}.Release|x86.ActiveCfg = Release|Any CPU
		{53739894-3491-4560-8F0E-FD8229AE02B8}.Release|x86.Build.0 = Release|Any CPU
		{0DEC8F47-CE80-4101-8C2D-F39A6C1838EB}.Debug|Any CPU.ActiveCfg = Debug|Any CPU
		{0DEC8F47-CE80-4101-8C2D-F39A6C1838EB}.Debug|Any CPU.Build.0 = Debug|Any CPU
		{0DEC8F47-CE80-4101-8C2D-F39A6C1838EB}.Debug|x64.ActiveCfg = Debug|Any CPU
		{0DEC8F47-CE80-4101-8C2D-F39A6C1838EB}.Debug|x64.Build.0 = Debug|Any CPU
		{0DEC8F47-CE80-4101-8C2D-F39A6C1838EB}.Debug|x86.ActiveCfg = Debug|Any CPU
		{0DEC8F47-CE80-4101-8C2D-F39A6C1838EB}.Debug|x86.Build.0 = Debug|Any CPU
		{0DEC8F47-CE80-4101-8C2D-F39A6C1838EB}.Release|Any CPU.ActiveCfg = Release|Any CPU
		{0DEC8F47-CE80-4101-8C2D-F39A6C1838EB}.Release|Any CPU.Build.0 = Release|Any CPU
		{0DEC8F47-CE80-4101-8C2D-F39A6C1838EB}.Release|x64.ActiveCfg = Release|Any CPU
		{0DEC8F47-CE80-4101-8C2D-F39A6C1838EB}.Release|x64.Build.0 = Release|Any CPU
		{0DEC8F47-CE80-4101-8C2D-F39A6C1838EB}.Release|x86.ActiveCfg = Release|Any CPU
		{0DEC8F47-CE80-4101-8C2D-F39A6C1838EB}.Release|x86.Build.0 = Release|Any CPU
	EndGlobalSection
	GlobalSection(SolutionProperties) = preSolution
		HideSolutionNode = FALSE
	EndGlobalSection
	GlobalSection(ExtensibilityGlobals) = postSolution
		SolutionGuid = {45791ECB-C975-4D93-90E4-FF50D6103590}
	EndGlobalSection
EndGlobal
